
Microsoft Visual Studio Solution File, Format Version 12.00
# Visual Studio 15
VisualStudioVersion = 15.0.28307.1082
MinimumVisualStudioVersion = 10.0.40219.1
Project("{FAE04EC0-301F-11D3-BF4B-00C04F79EFBC}") = "tinyCrm", "tinyCrm\tinyCrm.csproj", "{F9A57012-AA97-4541-8026-AB52BF2147AB}"
EndProject
Global
	GlobalSection(SolutionConfigurationPlatforms) = preSolution
		Debug|Any CPU = Debug|Any CPU
		Release|Any CPU = Release|Any CPU
	EndGlobalSection
	GlobalSection(ProjectConfigurationPlatforms) = postSolution
		{F9A57012-AA97-4541-8026-AB52BF2147AB}.Debug|Any CPU.ActiveCfg = Debug|Any CPU
		{F9A57012-AA97-4541-8026-AB52BF2147AB}.Debug|Any CPU.Build.0 = Debug|Any CPU
		{F9A57012-AA97-4541-8026-AB52BF2147AB}.Release|Any CPU.ActiveCfg = Release|Any CPU
		{F9A57012-AA97-4541-8026-AB52BF2147AB}.Release|Any CPU.Build.0 = Release|Any CPU
	EndGlobalSection
	GlobalSection(SolutionProperties) = preSolution
		HideSolutionNode = FALSE
	EndGlobalSection
	GlobalSection(ExtensibilityGlobals) = postSolution
		SolutionGuid = {B82B318E-71F5-4ADA-A708-7D189949D6B1}
	EndGlobalSection
EndGlobal
